
Microsoft Visual Studio Solution File, Format Version 12.00
# Visual Studio Version 16
VisualStudioVersion = 16.0.30128.74
MinimumVisualStudioVersion = 10.0.40219.1
Project("{8BC9CEB8-8B4A-11D0-8D11-00A0C91BC942}") = "Process management", "Process management\Process management.vcxproj", "{8DE2A920-2D4B-4864-90F9-7E1AA9A9A3E0}"
EndProject
Global
	GlobalSection(SolutionConfigurationPlatforms) = preSolution
		Debug|x64 = Debug|x64
		Debug|x86 = Debug|x86
		Release|x64 = Release|x64
		Release|x86 = Release|x86
	EndGlobalSection
	GlobalSection(ProjectConfigurationPlatforms) = postSolution
		{8DE2A920-2D4B-4864-90F9-7E1AA9A9A3E0}.Debug|x64.ActiveCfg = Debug|x64
		{8DE2A920-2D4B-4864-90F9-7E1AA9A9A3E0}.Debug|x64.Build.0 = Debug|x64
		{8DE2A920-2D4B-4864-90F9-7E1AA9A9A3E0}.Debug|x86.ActiveCfg = Debug|Win32
		{8DE2A920-2D4B-4864-90F9-7E1AA9A9A3E0}.Debug|x86.Build.0 = Debug|Win32
		{8DE2A920-2D4B-4864-90F9-7E1AA9A9A3E0}.Release|x64.ActiveCfg = Release|x64
		{8DE2A920-2D4B-4864-90F9-7E1AA9A9A3E0}.Release|x64.Build.0 = Release|x64
		{8DE2A920-2D4B-4864-90F9-7E1AA9A9A3E0}.Release|x86.ActiveCfg = Release|Win32
		{8DE2A920-2D4B-4864-90F9-7E1AA9A9A3E0}.Release|x86.Build.0 = Release|Win32
	EndGlobalSection
	GlobalSection(SolutionProperties) = preSolution
		HideSolutionNode = FALSE
	EndGlobalSection
	GlobalSection(ExtensibilityGlobals) = postSolution
		SolutionGuid = {BA5223D3-3D93-4C40-8629-F1BE6B8E14DD}
	EndGlobalSection
EndGlobal
